// !$*UTF8*$!
{
	archiveVersion = 1;
	classes = {
	};
	objectVersion = 56;
	objects = {

/* Begin PBXBuildFile section */
		562CE10A2BE5DA0D00EDBD53 /* Location in Frameworks */ = {isa = PBXBuildFile; productRef = 562CE1092BE5DA0D00EDBD53 /* Location */; };
		562CE10C2BE6378C00EDBD53 /* Map in Frameworks */ = {isa = PBXBuildFile; productRef = 562CE10B2BE6378C00EDBD53 /* Map */; };
		562CE10E2BE6379500EDBD53 /* MyPage in Frameworks */ = {isa = PBXBuildFile; productRef = 562CE10D2BE6379500EDBD53 /* MyPage */; };
		562CE1102BE8974B00EDBD53 /* MapWithCross in Frameworks */ = {isa = PBXBuildFile; productRef = 562CE10F2BE8974B00EDBD53 /* MapWithCross */; };
		562CE1122BE8974B00EDBD53 /* MapWithCrossStore in Frameworks */ = {isa = PBXBuildFile; productRef = 562CE1112BE8974B00EDBD53 /* MapWithCrossStore */; };
		562CE1142BEEFBB300EDBD53 /* PostEntity in Frameworks */ = {isa = PBXBuildFile; productRef = 562CE1132BEEFBB300EDBD53 /* PostEntity */; };
		562CE1162BEF60CD00EDBD53 /* UserDefaults in Frameworks */ = {isa = PBXBuildFile; productRef = 562CE1152BEF60CD00EDBD53 /* UserDefaults */; };
		56703F532B6FCA0B00939C0C /* LiveSampleApp.swift in Sources */ = {isa = PBXBuildFile; fileRef = 56703F522B6FCA0B00939C0C /* LiveSampleApp.swift */; };
		56703F552B6FCA0B00939C0C /* ContentView.swift in Sources */ = {isa = PBXBuildFile; fileRef = 56703F542B6FCA0B00939C0C /* ContentView.swift */; };
		56703F572B6FCA0C00939C0C /* Assets.xcassets in Resources */ = {isa = PBXBuildFile; fileRef = 56703F562B6FCA0C00939C0C /* Assets.xcassets */; };
		56703F5A2B6FCA0C00939C0C /* Preview Assets.xcassets in Resources */ = {isa = PBXBuildFile; fileRef = 56703F592B6FCA0C00939C0C /* Preview Assets.xcassets */; };
		56703F642B6FCA0D00939C0C /* LiveSampleTests.swift in Sources */ = {isa = PBXBuildFile; fileRef = 56703F632B6FCA0D00939C0C /* LiveSampleTests.swift */; };
		56703F6E2B6FCA0D00939C0C /* LiveSampleUITests.swift in Sources */ = {isa = PBXBuildFile; fileRef = 56703F6D2B6FCA0D00939C0C /* LiveSampleUITests.swift */; };
		56703F702B6FCA0D00939C0C /* LiveSampleUITestsLaunchTests.swift in Sources */ = {isa = PBXBuildFile; fileRef = 56703F6F2B6FCA0D00939C0C /* LiveSampleUITestsLaunchTests.swift */; };
		56A42E792C5F70D00047415C /* FacebookCore in Frameworks */ = {isa = PBXBuildFile; productRef = 56A42E782C5F70D00047415C /* FacebookCore */; };
		56A42E7B2C69B60E0047415C /* Launch Screen.storyboard in Resources */ = {isa = PBXBuildFile; fileRef = 56A42E7A2C69B60E0047415C /* Launch Screen.storyboard */; };
		DF1355BB2C22679300629260 /* Assets in Frameworks */ = {isa = PBXBuildFile; productRef = DF1355BA2C22679300629260 /* Assets */; };
		DF191E972BD8AAC500D92018 /* MapStore in Frameworks */ = {isa = PBXBuildFile; productRef = DF191E962BD8AAC500D92018 /* MapStore */; };
		DF191E992BD8AAC500D92018 /* MyPageStore in Frameworks */ = {isa = PBXBuildFile; productRef = DF191E982BD8AAC500D92018 /* MyPageStore */; };
		DF191EA32BD8EA9100D92018 /* Post in Frameworks */ = {isa = PBXBuildFile; productRef = DF191EA22BD8EA9100D92018 /* Post */; };
		DF191EA52BD8EA9100D92018 /* PostStore in Frameworks */ = {isa = PBXBuildFile; productRef = DF191EA42BD8EA9100D92018 /* PostStore */; };
		DF191EB12BDFEF4000D92018 /* GoogleService-Info.plist in Resources */ = {isa = PBXBuildFile; fileRef = DF191EB02BDFEF4000D92018 /* GoogleService-Info.plist */; };
		DF38C9BC2C2E68590052F85C /* Share in Frameworks */ = {isa = PBXBuildFile; productRef = DF38C9BB2C2E68590052F85C /* Share */; };
		DF38C9BE2C2E75D00052F85C /* EditProfile in Frameworks */ = {isa = PBXBuildFile; productRef = DF38C9BD2C2E75D00052F85C /* EditProfile */; };
		DF38C9C02C2E75D00052F85C /* EditProfileStore in Frameworks */ = {isa = PBXBuildFile; productRef = DF38C9BF2C2E75D00052F85C /* EditProfileStore */; };
		DF7620CA2BD7BE3E00C79F36 /* AccountIdName in Frameworks */ = {isa = PBXBuildFile; productRef = DF7620C92BD7BE3E00C79F36 /* AccountIdName */; };
		DF7620CC2BD7BE3E00C79F36 /* AccountIdNameStore in Frameworks */ = {isa = PBXBuildFile; productRef = DF7620CB2BD7BE3E00C79F36 /* AccountIdNameStore */; };
		DF7620CE2BD7BE3E00C79F36 /* API in Frameworks */ = {isa = PBXBuildFile; productRef = DF7620CD2BD7BE3E00C79F36 /* API */; };
		DF7620D42BD7BE3E00C79F36 /* MailAddressPassword in Frameworks */ = {isa = PBXBuildFile; productRef = DF7620D32BD7BE3E00C79F36 /* MailAddressPassword */; };
		DF7620D62BD7BE3E00C79F36 /* MailAddressPasswordStore in Frameworks */ = {isa = PBXBuildFile; productRef = DF7620D52BD7BE3E00C79F36 /* MailAddressPasswordStore */; };
		DF7620D82BD7BE3E00C79F36 /* ProfileImage in Frameworks */ = {isa = PBXBuildFile; productRef = DF7620D72BD7BE3E00C79F36 /* ProfileImage */; };
		DF7620DA2BD7BE3E00C79F36 /* ProfileImageStore in Frameworks */ = {isa = PBXBuildFile; productRef = DF7620D92BD7BE3E00C79F36 /* ProfileImageStore */; };
		DF7620DC2BD7BE3E00C79F36 /* Root in Frameworks */ = {isa = PBXBuildFile; productRef = DF7620DB2BD7BE3E00C79F36 /* Root */; };
		DF7620DE2BD7BE3E00C79F36 /* RootStore in Frameworks */ = {isa = PBXBuildFile; productRef = DF7620DD2BD7BE3E00C79F36 /* RootStore */; };
		DF7620E02BD7BE3E00C79F36 /* Routing in Frameworks */ = {isa = PBXBuildFile; productRef = DF7620DF2BD7BE3E00C79F36 /* Routing */; };
		DF7620E22BD7BE3E00C79F36 /* SampleCounter in Frameworks */ = {isa = PBXBuildFile; productRef = DF7620E12BD7BE3E00C79F36 /* SampleCounter */; };
		DF7620E42BD7BE3E00C79F36 /* SelectMode in Frameworks */ = {isa = PBXBuildFile; productRef = DF7620E32BD7BE3E00C79F36 /* SelectMode */; };
		DF7620E62BD7BE3E00C79F36 /* SelectModeStore in Frameworks */ = {isa = PBXBuildFile; productRef = DF7620E52BD7BE3E00C79F36 /* SelectModeStore */; };
		DF7620EA2BD7BE3E00C79F36 /* ViewComponents in Frameworks */ = {isa = PBXBuildFile; productRef = DF7620E92BD7BE3E00C79F36 /* ViewComponents */; };
		DF7620EC2BD7BE3E00C79F36 /* Welcome in Frameworks */ = {isa = PBXBuildFile; productRef = DF7620EB2BD7BE3E00C79F36 /* Welcome */; };
		DF7620EE2BD7BE3E00C79F36 /* WelcomeStore in Frameworks */ = {isa = PBXBuildFile; productRef = DF7620ED2BD7BE3E00C79F36 /* WelcomeStore */; };
		DF7620F32BD8898D00C79F36 /* Validator in Frameworks */ = {isa = PBXBuildFile; productRef = DF7620F22BD8898D00C79F36 /* Validator */; };
		DF8868532BD13F2400A427A2 /* ViewBuildingClient+Impl.swift in Sources */ = {isa = PBXBuildFile; fileRef = DF8868522BD13F2400A427A2 /* ViewBuildingClient+Impl.swift */; };
		DF8D59DE2C242EE2005071BB /* DateUtils in Frameworks */ = {isa = PBXBuildFile; productRef = DF8D59DD2C242EE2005071BB /* DateUtils */; };
		DF9303612C1B04E700F770AE /* PostDetail in Frameworks */ = {isa = PBXBuildFile; productRef = DF9303602C1B04E700F770AE /* PostDetail */; };
		DF9303632C1B04E700F770AE /* PostDetailStore in Frameworks */ = {isa = PBXBuildFile; productRef = DF9303622C1B04E700F770AE /* PostDetailStore */; };
		DF9303662C1BED4F00F770AE /* PostAnnotation in Frameworks */ = {isa = PBXBuildFile; productRef = DF9303652C1BED4F00F770AE /* PostAnnotation */; };
/* End PBXBuildFile section */

/* Begin PBXContainerItemProxy section */
		56703F602B6FCA0D00939C0C /* PBXContainerItemProxy */ = {
			isa = PBXContainerItemProxy;
			containerPortal = 56703F472B6FCA0B00939C0C /* Project object */;
			proxyType = 1;
			remoteGlobalIDString = 56703F4E2B6FCA0B00939C0C;
			remoteInfo = LiveSample;
		};
		56703F6A2B6FCA0D00939C0C /* PBXContainerItemProxy */ = {
			isa = PBXContainerItemProxy;
			containerPortal = 56703F472B6FCA0B00939C0C /* Project object */;
			proxyType = 1;
			remoteGlobalIDString = 56703F4E2B6FCA0B00939C0C;
			remoteInfo = LiveSample;
		};
/* End PBXContainerItemProxy section */

/* Begin PBXFileReference section */
		56703F4F2B6FCA0B00939C0C /* LiveSample.app */ = {isa = PBXFileReference; explicitFileType = wrapper.application; includeInIndex = 0; path = LiveSample.app; sourceTree = BUILT_PRODUCTS_DIR; };
		56703F522B6FCA0B00939C0C /* LiveSampleApp.swift */ = {isa = PBXFileReference; lastKnownFileType = sourcecode.swift; path = LiveSampleApp.swift; sourceTree = "<group>"; };
		56703F542B6FCA0B00939C0C /* ContentView.swift */ = {isa = PBXFileReference; lastKnownFileType = sourcecode.swift; path = ContentView.swift; sourceTree = "<group>"; };
		56703F562B6FCA0C00939C0C /* Assets.xcassets */ = {isa = PBXFileReference; lastKnownFileType = folder.assetcatalog; path = Assets.xcassets; sourceTree = "<group>"; };
		56703F592B6FCA0C00939C0C /* Preview Assets.xcassets */ = {isa = PBXFileReference; lastKnownFileType = folder.assetcatalog; path = "Preview Assets.xcassets"; sourceTree = "<group>"; };
		56703F5F2B6FCA0D00939C0C /* LiveSampleTests.xctest */ = {isa = PBXFileReference; explicitFileType = wrapper.cfbundle; includeInIndex = 0; path = LiveSampleTests.xctest; sourceTree = BUILT_PRODUCTS_DIR; };
		56703F632B6FCA0D00939C0C /* LiveSampleTests.swift */ = {isa = PBXFileReference; lastKnownFileType = sourcecode.swift; path = LiveSampleTests.swift; sourceTree = "<group>"; };
		56703F692B6FCA0D00939C0C /* LiveSampleUITests.xctest */ = {isa = PBXFileReference; explicitFileType = wrapper.cfbundle; includeInIndex = 0; path = LiveSampleUITests.xctest; sourceTree = BUILT_PRODUCTS_DIR; };
		56703F6D2B6FCA0D00939C0C /* LiveSampleUITests.swift */ = {isa = PBXFileReference; lastKnownFileType = sourcecode.swift; path = LiveSampleUITests.swift; sourceTree = "<group>"; };
		56703F6F2B6FCA0D00939C0C /* LiveSampleUITestsLaunchTests.swift */ = {isa = PBXFileReference; lastKnownFileType = sourcecode.swift; path = LiveSampleUITestsLaunchTests.swift; sourceTree = "<group>"; };
		56A42E7A2C69B60E0047415C /* Launch Screen.storyboard */ = {isa = PBXFileReference; lastKnownFileType = file.storyboard; path = "Launch Screen.storyboard"; sourceTree = "<group>"; };
		56A42E7C2C83FEE10047415C /* PrivacyInfo.xcprivacy */ = {isa = PBXFileReference; lastKnownFileType = text.xml; path = PrivacyInfo.xcprivacy; sourceTree = "<group>"; };
		56C954092B6FD31800E0B473 /* LiveSample */ = {isa = PBXFileReference; lastKnownFileType = wrapper; name = LiveSample; path = ../..; sourceTree = "<group>"; };
		DF191EB02BDFEF4000D92018 /* GoogleService-Info.plist */ = {isa = PBXFileReference; fileEncoding = 4; lastKnownFileType = text.plist.xml; path = "GoogleService-Info.plist"; sourceTree = "<group>"; };
		DF8868522BD13F2400A427A2 /* ViewBuildingClient+Impl.swift */ = {isa = PBXFileReference; lastKnownFileType = sourcecode.swift; path = "ViewBuildingClient+Impl.swift"; sourceTree = "<group>"; };
		DF8868542BD20E2B00A427A2 /* Info.plist */ = {isa = PBXFileReference; lastKnownFileType = text.plist; name = Info.plist; path = LiveSample/Info.plist; sourceTree = "<group>"; };
/* End PBXFileReference section */

/* Begin PBXFrameworksBuildPhase section */
		56703F4C2B6FCA0B00939C0C /* Frameworks */ = {
			isa = PBXFrameworksBuildPhase;
			buildActionMask = 2147483647;
			files = (
				DF7620DA2BD7BE3E00C79F36 /* ProfileImageStore in Frameworks */,
				DF38C9BE2C2E75D00052F85C /* EditProfile in Frameworks */,
				562CE1122BE8974B00EDBD53 /* MapWithCrossStore in Frameworks */,
				DF7620D82BD7BE3E00C79F36 /* ProfileImage in Frameworks */,
				DF9303612C1B04E700F770AE /* PostDetail in Frameworks */,
				DF191E972BD8AAC500D92018 /* MapStore in Frameworks */,
				DF8D59DE2C242EE2005071BB /* DateUtils in Frameworks */,
				DF7620CE2BD7BE3E00C79F36 /* API in Frameworks */,
				562CE1162BEF60CD00EDBD53 /* UserDefaults in Frameworks */,
				DF9303632C1B04E700F770AE /* PostDetailStore in Frameworks */,
				DF191EA32BD8EA9100D92018 /* Post in Frameworks */,
				DF7620F32BD8898D00C79F36 /* Validator in Frameworks */,
				DF7620E42BD7BE3E00C79F36 /* SelectMode in Frameworks */,
				DF7620E02BD7BE3E00C79F36 /* Routing in Frameworks */,
				DF7620EA2BD7BE3E00C79F36 /* ViewComponents in Frameworks */,
				56A42E792C5F70D00047415C /* FacebookCore in Frameworks */,
				DF191EA52BD8EA9100D92018 /* PostStore in Frameworks */,
				DF7620E62BD7BE3E00C79F36 /* SelectModeStore in Frameworks */,
				DF38C9BC2C2E68590052F85C /* Share in Frameworks */,
				DF7620CC2BD7BE3E00C79F36 /* AccountIdNameStore in Frameworks */,
				DF191E992BD8AAC500D92018 /* MyPageStore in Frameworks */,
				DF38C9C02C2E75D00052F85C /* EditProfileStore in Frameworks */,
				DF7620DC2BD7BE3E00C79F36 /* Root in Frameworks */,
				DF7620DE2BD7BE3E00C79F36 /* RootStore in Frameworks */,
				562CE1142BEEFBB300EDBD53 /* PostEntity in Frameworks */,
				DF7620CA2BD7BE3E00C79F36 /* AccountIdName in Frameworks */,
				562CE10A2BE5DA0D00EDBD53 /* Location in Frameworks */,
				562CE1102BE8974B00EDBD53 /* MapWithCross in Frameworks */,
				DF7620D42BD7BE3E00C79F36 /* MailAddressPassword in Frameworks */,
				DF7620EC2BD7BE3E00C79F36 /* Welcome in Frameworks */,
				DF1355BB2C22679300629260 /* Assets in Frameworks */,
				DF7620EE2BD7BE3E00C79F36 /* WelcomeStore in Frameworks */,
				DF9303662C1BED4F00F770AE /* PostAnnotation in Frameworks */,
				562CE10C2BE6378C00EDBD53 /* Map in Frameworks */,
				DF7620E22BD7BE3E00C79F36 /* SampleCounter in Frameworks */,
				562CE10E2BE6379500EDBD53 /* MyPage in Frameworks */,
				DF7620D62BD7BE3E00C79F36 /* MailAddressPasswordStore in Frameworks */,
			);
			runOnlyForDeploymentPostprocessing = 0;
		};
		56703F5C2B6FCA0D00939C0C /* Frameworks */ = {
			isa = PBXFrameworksBuildPhase;
			buildActionMask = 2147483647;
			files = (
			);
			runOnlyForDeploymentPostprocessing = 0;
		};
		56703F662B6FCA0D00939C0C /* Frameworks */ = {
			isa = PBXFrameworksBuildPhase;
			buildActionMask = 2147483647;
			files = (
			);
			runOnlyForDeploymentPostprocessing = 0;
		};
/* End PBXFrameworksBuildPhase section */

/* Begin PBXGroup section */
		56703F462B6FCA0B00939C0C = {
			isa = PBXGroup;
			children = (
				56A42E7C2C83FEE10047415C /* PrivacyInfo.xcprivacy */,
				DF8868542BD20E2B00A427A2 /* Info.plist */,
				56C954092B6FD31800E0B473 /* LiveSample */,
				56703F512B6FCA0B00939C0C /* LiveSample */,
				56703F622B6FCA0D00939C0C /* LiveSampleTests */,
				56703F6C2B6FCA0D00939C0C /* LiveSampleUITests */,
				56703F502B6FCA0B00939C0C /* Products */,
				56849A662B6FD5A1007294F4 /* Frameworks */,
			);
			sourceTree = "<group>";
		};
		56703F502B6FCA0B00939C0C /* Products */ = {
			isa = PBXGroup;
			children = (
				56703F4F2B6FCA0B00939C0C /* LiveSample.app */,
				56703F5F2B6FCA0D00939C0C /* LiveSampleTests.xctest */,
				56703F692B6FCA0D00939C0C /* LiveSampleUITests.xctest */,
			);
			name = Products;
			sourceTree = "<group>";
		};
		56703F512B6FCA0B00939C0C /* LiveSample */ = {
			isa = PBXGroup;
			children = (
				DF191EB02BDFEF4000D92018 /* GoogleService-Info.plist */,
				DF88684F2BD13EC900A427A2 /* Routing */,
				56703F522B6FCA0B00939C0C /* LiveSampleApp.swift */,
				56703F542B6FCA0B00939C0C /* ContentView.swift */,
				56703F562B6FCA0C00939C0C /* Assets.xcassets */,
				56703F582B6FCA0C00939C0C /* Preview Content */,
				56A42E7A2C69B60E0047415C /* Launch Screen.storyboard */,
			);
			path = LiveSample;
			sourceTree = "<group>";
		};
		56703F582B6FCA0C00939C0C /* Preview Content */ = {
			isa = PBXGroup;
			children = (
				56703F592B6FCA0C00939C0C /* Preview Assets.xcassets */,
			);
			path = "Preview Content";
			sourceTree = "<group>";
		};
		56703F622B6FCA0D00939C0C /* LiveSampleTests */ = {
			isa = PBXGroup;
			children = (
				56703F632B6FCA0D00939C0C /* LiveSampleTests.swift */,
			);
			path = LiveSampleTests;
			sourceTree = "<group>";
		};
		56703F6C2B6FCA0D00939C0C /* LiveSampleUITests */ = {
			isa = PBXGroup;
			children = (
				56703F6D2B6FCA0D00939C0C /* LiveSampleUITests.swift */,
				56703F6F2B6FCA0D00939C0C /* LiveSampleUITestsLaunchTests.swift */,
			);
			path = LiveSampleUITests;
			sourceTree = "<group>";
		};
		56849A662B6FD5A1007294F4 /* Frameworks */ = {
			isa = PBXGroup;
			children = (
			);
			name = Frameworks;
			sourceTree = "<group>";
		};
		DF88684F2BD13EC900A427A2 /* Routing */ = {
			isa = PBXGroup;
			children = (
				DF8868502BD13ED500A427A2 /* Dependencies */,
			);
			path = Routing;
			sourceTree = "<group>";
		};
		DF8868502BD13ED500A427A2 /* Dependencies */ = {
			isa = PBXGroup;
			children = (
				DF8868522BD13F2400A427A2 /* ViewBuildingClient+Impl.swift */,
			);
			path = Dependencies;
			sourceTree = "<group>";
		};
/* End PBXGroup section */

/* Begin PBXNativeTarget section */
		56703F4E2B6FCA0B00939C0C /* LiveSample */ = {
			isa = PBXNativeTarget;
			buildConfigurationList = 56703F732B6FCA0D00939C0C /* Build configuration list for PBXNativeTarget "LiveSample" */;
			buildPhases = (
				56703F4B2B6FCA0B00939C0C /* Sources */,
				56703F4C2B6FCA0B00939C0C /* Frameworks */,
				56703F4D2B6FCA0B00939C0C /* Resources */,
			);
			buildRules = (
			);
			dependencies = (
			);
			name = LiveSample;
			packageProductDependencies = (
				DF7620C92BD7BE3E00C79F36 /* AccountIdName */,
				DF7620CB2BD7BE3E00C79F36 /* AccountIdNameStore */,
				DF7620CD2BD7BE3E00C79F36 /* API */,
				DF7620D32BD7BE3E00C79F36 /* MailAddressPassword */,
				DF7620D52BD7BE3E00C79F36 /* MailAddressPasswordStore */,
				DF7620D72BD7BE3E00C79F36 /* ProfileImage */,
				DF7620D92BD7BE3E00C79F36 /* ProfileImageStore */,
				DF7620DB2BD7BE3E00C79F36 /* Root */,
				DF7620DD2BD7BE3E00C79F36 /* RootStore */,
				DF7620DF2BD7BE3E00C79F36 /* Routing */,
				DF7620E12BD7BE3E00C79F36 /* SampleCounter */,
				DF7620E32BD7BE3E00C79F36 /* SelectMode */,
				DF7620E52BD7BE3E00C79F36 /* SelectModeStore */,
				DF7620E92BD7BE3E00C79F36 /* ViewComponents */,
				DF7620EB2BD7BE3E00C79F36 /* Welcome */,
				DF7620ED2BD7BE3E00C79F36 /* WelcomeStore */,
				DF7620F22BD8898D00C79F36 /* Validator */,
				DF191E962BD8AAC500D92018 /* MapStore */,
				DF191E982BD8AAC500D92018 /* MyPageStore */,
				DF191EA22BD8EA9100D92018 /* Post */,
				DF191EA42BD8EA9100D92018 /* PostStore */,
				562CE1092BE5DA0D00EDBD53 /* Location */,
				562CE10B2BE6378C00EDBD53 /* Map */,
				562CE10D2BE6379500EDBD53 /* MyPage */,
				562CE10F2BE8974B00EDBD53 /* MapWithCross */,
				562CE1112BE8974B00EDBD53 /* MapWithCrossStore */,
				562CE1132BEEFBB300EDBD53 /* PostEntity */,
				562CE1152BEF60CD00EDBD53 /* UserDefaults */,
				DF9303602C1B04E700F770AE /* PostDetail */,
				DF9303622C1B04E700F770AE /* PostDetailStore */,
				DF9303652C1BED4F00F770AE /* PostAnnotation */,
				DF1355BA2C22679300629260 /* Assets */,
				DF8D59DD2C242EE2005071BB /* DateUtils */,
				DF38C9BB2C2E68590052F85C /* Share */,
				DF38C9BD2C2E75D00052F85C /* EditProfile */,
				DF38C9BF2C2E75D00052F85C /* EditProfileStore */,
				56A42E782C5F70D00047415C /* FacebookCore */,
			);
			productName = LiveSample;
			productReference = 56703F4F2B6FCA0B00939C0C /* LiveSample.app */;
			productType = "com.apple.product-type.application";
		};
		56703F5E2B6FCA0D00939C0C /* LiveSampleTests */ = {
			isa = PBXNativeTarget;
			buildConfigurationList = 56703F762B6FCA0D00939C0C /* Build configuration list for PBXNativeTarget "LiveSampleTests" */;
			buildPhases = (
				56703F5B2B6FCA0D00939C0C /* Sources */,
				56703F5C2B6FCA0D00939C0C /* Frameworks */,
				56703F5D2B6FCA0D00939C0C /* Resources */,
			);
			buildRules = (
			);
			dependencies = (
				56703F612B6FCA0D00939C0C /* PBXTargetDependency */,
			);
			name = LiveSampleTests;
			productName = LiveSampleTests;
			productReference = 56703F5F2B6FCA0D00939C0C /* LiveSampleTests.xctest */;
			productType = "com.apple.product-type.bundle.unit-test";
		};
		56703F682B6FCA0D00939C0C /* LiveSampleUITests */ = {
			isa = PBXNativeTarget;
			buildConfigurationList = 56703F792B6FCA0D00939C0C /* Build configuration list for PBXNativeTarget "LiveSampleUITests" */;
			buildPhases = (
				56703F652B6FCA0D00939C0C /* Sources */,
				56703F662B6FCA0D00939C0C /* Frameworks */,
				56703F672B6FCA0D00939C0C /* Resources */,
			);
			buildRules = (
			);
			dependencies = (
				56703F6B2B6FCA0D00939C0C /* PBXTargetDependency */,
			);
			name = LiveSampleUITests;
			productName = LiveSampleUITests;
			productReference = 56703F692B6FCA0D00939C0C /* LiveSampleUITests.xctest */;
			productType = "com.apple.product-type.bundle.ui-testing";
		};
/* End PBXNativeTarget section */

/* Begin PBXProject section */
		56703F472B6FCA0B00939C0C /* Project object */ = {
			isa = PBXProject;
			attributes = {
				BuildIndependentTargetsInParallel = 1;
				LastSwiftUpdateCheck = 1520;
				LastUpgradeCheck = 1520;
				TargetAttributes = {
					56703F4E2B6FCA0B00939C0C = {
						CreatedOnToolsVersion = 15.2;
					};
					56703F5E2B6FCA0D00939C0C = {
						CreatedOnToolsVersion = 15.2;
						TestTargetID = 56703F4E2B6FCA0B00939C0C;
					};
					56703F682B6FCA0D00939C0C = {
						CreatedOnToolsVersion = 15.2;
						TestTargetID = 56703F4E2B6FCA0B00939C0C;
					};
				};
			};
			buildConfigurationList = 56703F4A2B6FCA0B00939C0C /* Build configuration list for PBXProject "LiveSample" */;
			compatibilityVersion = "Xcode 14.0";
			developmentRegion = en;
			hasScannedForEncodings = 0;
			knownRegions = (
				en,
				Base,
			);
			mainGroup = 56703F462B6FCA0B00939C0C;
			packageReferences = (
				56A42E772C5F70D00047415C /* XCRemoteSwiftPackageReference "facebook-ios-sdk" */,
			);
			productRefGroup = 56703F502B6FCA0B00939C0C /* Products */;
			projectDirPath = "";
			projectRoot = "";
			targets = (
				56703F4E2B6FCA0B00939C0C /* LiveSample */,
				56703F5E2B6FCA0D00939C0C /* LiveSampleTests */,
				56703F682B6FCA0D00939C0C /* LiveSampleUITests */,
			);
		};
/* End PBXProject section */

/* Begin PBXResourcesBuildPhase section */
		56703F4D2B6FCA0B00939C0C /* Resources */ = {
			isa = PBXResourcesBuildPhase;
			buildActionMask = 2147483647;
			files = (
				56703F5A2B6FCA0C00939C0C /* Preview Assets.xcassets in Resources */,
				DF191EB12BDFEF4000D92018 /* GoogleService-Info.plist in Resources */,
				56A42E7B2C69B60E0047415C /* Launch Screen.storyboard in Resources */,
				56703F572B6FCA0C00939C0C /* Assets.xcassets in Resources */,
			);
			runOnlyForDeploymentPostprocessing = 0;
		};
		56703F5D2B6FCA0D00939C0C /* Resources */ = {
			isa = PBXResourcesBuildPhase;
			buildActionMask = 2147483647;
			files = (
			);
			runOnlyForDeploymentPostprocessing = 0;
		};
		56703F672B6FCA0D00939C0C /* Resources */ = {
			isa = PBXResourcesBuildPhase;
			buildActionMask = 2147483647;
			files = (
			);
			runOnlyForDeploymentPostprocessing = 0;
		};
/* End PBXResourcesBuildPhase section */

/* Begin PBXSourcesBuildPhase section */
		56703F4B2B6FCA0B00939C0C /* Sources */ = {
			isa = PBXSourcesBuildPhase;
			buildActionMask = 2147483647;
			files = (
				56703F552B6FCA0B00939C0C /* ContentView.swift in Sources */,
				56703F532B6FCA0B00939C0C /* LiveSampleApp.swift in Sources */,
				DF8868532BD13F2400A427A2 /* ViewBuildingClient+Impl.swift in Sources */,
			);
			runOnlyForDeploymentPostprocessing = 0;
		};
		56703F5B2B6FCA0D00939C0C /* Sources */ = {
			isa = PBXSourcesBuildPhase;
			buildActionMask = 2147483647;
			files = (
				56703F642B6FCA0D00939C0C /* LiveSampleTests.swift in Sources */,
			);
			runOnlyForDeploymentPostprocessing = 0;
		};
		56703F652B6FCA0D00939C0C /* Sources */ = {
			isa = PBXSourcesBuildPhase;
			buildActionMask = 2147483647;
			files = (
				56703F702B6FCA0D00939C0C /* LiveSampleUITestsLaunchTests.swift in Sources */,
				56703F6E2B6FCA0D00939C0C /* LiveSampleUITests.swift in Sources */,
			);
			runOnlyForDeploymentPostprocessing = 0;
		};
/* End PBXSourcesBuildPhase section */

/* Begin PBXTargetDependency section */
		56703F612B6FCA0D00939C0C /* PBXTargetDependency */ = {
			isa = PBXTargetDependency;
			target = 56703F4E2B6FCA0B00939C0C /* LiveSample */;
			targetProxy = 56703F602B6FCA0D00939C0C /* PBXContainerItemProxy */;
		};
		56703F6B2B6FCA0D00939C0C /* PBXTargetDependency */ = {
			isa = PBXTargetDependency;
			target = 56703F4E2B6FCA0B00939C0C /* LiveSample */;
			targetProxy = 56703F6A2B6FCA0D00939C0C /* PBXContainerItemProxy */;
		};
/* End PBXTargetDependency section */

/* Begin XCBuildConfiguration section */
		56703F712B6FCA0D00939C0C /* Debug */ = {
			isa = XCBuildConfiguration;
			buildSettings = {
				ALWAYS_SEARCH_USER_PATHS = NO;
				ASSETCATALOG_COMPILER_GENERATE_SWIFT_ASSET_SYMBOL_EXTENSIONS = YES;
				CLANG_ANALYZER_NONNULL = YES;
				CLANG_ANALYZER_NUMBER_OBJECT_CONVERSION = YES_AGGRESSIVE;
				CLANG_CXX_LANGUAGE_STANDARD = "gnu++20";
				CLANG_ENABLE_MODULES = YES;
				CLANG_ENABLE_OBJC_ARC = YES;
				CLANG_ENABLE_OBJC_WEAK = YES;
				CLANG_WARN_BLOCK_CAPTURE_AUTORELEASING = YES;
				CLANG_WARN_BOOL_CONVERSION = YES;
				CLANG_WARN_COMMA = YES;
				CLANG_WARN_CONSTANT_CONVERSION = YES;
				CLANG_WARN_DEPRECATED_OBJC_IMPLEMENTATIONS = YES;
				CLANG_WARN_DIRECT_OBJC_ISA_USAGE = YES_ERROR;
				CLANG_WARN_DOCUMENTATION_COMMENTS = YES;
				CLANG_WARN_EMPTY_BODY = YES;
				CLANG_WARN_ENUM_CONVERSION = YES;
				CLANG_WARN_INFINITE_RECURSION = YES;
				CLANG_WARN_INT_CONVERSION = YES;
				CLANG_WARN_NON_LITERAL_NULL_CONVERSION = YES;
				CLANG_WARN_OBJC_IMPLICIT_RETAIN_SELF = YES;
				CLANG_WARN_OBJC_LITERAL_CONVERSION = YES;
				CLANG_WARN_OBJC_ROOT_CLASS = YES_ERROR;
				CLANG_WARN_QUOTED_INCLUDE_IN_FRAMEWORK_HEADER = YES;
				CLANG_WARN_RANGE_LOOP_ANALYSIS = YES;
				CLANG_WARN_STRICT_PROTOTYPES = YES;
				CLANG_WARN_SUSPICIOUS_MOVE = YES;
				CLANG_WARN_UNGUARDED_AVAILABILITY = YES_AGGRESSIVE;
				CLANG_WARN_UNREACHABLE_CODE = YES;
				CLANG_WARN__DUPLICATE_METHOD_MATCH = YES;
				COPY_PHASE_STRIP = NO;
				DEBUG_INFORMATION_FORMAT = dwarf;
				ENABLE_STRICT_OBJC_MSGSEND = YES;
				ENABLE_TESTABILITY = YES;
				ENABLE_USER_SCRIPT_SANDBOXING = YES;
				GCC_C_LANGUAGE_STANDARD = gnu17;
				GCC_DYNAMIC_NO_PIC = NO;
				GCC_NO_COMMON_BLOCKS = YES;
				GCC_OPTIMIZATION_LEVEL = 0;
				GCC_PREPROCESSOR_DEFINITIONS = (
					"DEBUG=1",
					"$(inherited)",
				);
				GCC_WARN_64_TO_32_BIT_CONVERSION = YES;
				GCC_WARN_ABOUT_RETURN_TYPE = YES_ERROR;
				GCC_WARN_UNDECLARED_SELECTOR = YES;
				GCC_WARN_UNINITIALIZED_AUTOS = YES_AGGRESSIVE;
				GCC_WARN_UNUSED_FUNCTION = YES;
				GCC_WARN_UNUSED_VARIABLE = YES;
				IPHONEOS_DEPLOYMENT_TARGET = 17.2;
				LOCALIZATION_PREFERS_STRING_CATALOGS = YES;
				MTL_ENABLE_DEBUG_INFO = INCLUDE_SOURCE;
				MTL_FAST_MATH = YES;
				ONLY_ACTIVE_ARCH = YES;
				SDKROOT = iphoneos;
				SWIFT_ACTIVE_COMPILATION_CONDITIONS = "DEBUG $(inherited)";
				SWIFT_OPTIMIZATION_LEVEL = "-Onone";
			};
			name = Debug;
		};
		56703F722B6FCA0D00939C0C /* Release */ = {
			isa = XCBuildConfiguration;
			buildSettings = {
				ALWAYS_SEARCH_USER_PATHS = NO;
				ASSETCATALOG_COMPILER_GENERATE_SWIFT_ASSET_SYMBOL_EXTENSIONS = YES;
				CLANG_ANALYZER_NONNULL = YES;
				CLANG_ANALYZER_NUMBER_OBJECT_CONVERSION = YES_AGGRESSIVE;
				CLANG_CXX_LANGUAGE_STANDARD = "gnu++20";
				CLANG_ENABLE_MODULES = YES;
				CLANG_ENABLE_OBJC_ARC = YES;
				CLANG_ENABLE_OBJC_WEAK = YES;
				CLANG_WARN_BLOCK_CAPTURE_AUTORELEASING = YES;
				CLANG_WARN_BOOL_CONVERSION = YES;
				CLANG_WARN_COMMA = YES;
				CLANG_WARN_CONSTANT_CONVERSION = YES;
				CLANG_WARN_DEPRECATED_OBJC_IMPLEMENTATIONS = YES;
				CLANG_WARN_DIRECT_OBJC_ISA_USAGE = YES_ERROR;
				CLANG_WARN_DOCUMENTATION_COMMENTS = YES;
				CLANG_WARN_EMPTY_BODY = YES;
				CLANG_WARN_ENUM_CONVERSION = YES;
				CLANG_WARN_INFINITE_RECURSION = YES;
				CLANG_WARN_INT_CONVERSION = YES;
				CLANG_WARN_NON_LITERAL_NULL_CONVERSION = YES;
				CLANG_WARN_OBJC_IMPLICIT_RETAIN_SELF = YES;
				CLANG_WARN_OBJC_LITERAL_CONVERSION = YES;
				CLANG_WARN_OBJC_ROOT_CLASS = YES_ERROR;
				CLANG_WARN_QUOTED_INCLUDE_IN_FRAMEWORK_HEADER = YES;
				CLANG_WARN_RANGE_LOOP_ANALYSIS = YES;
				CLANG_WARN_STRICT_PROTOTYPES = YES;
				CLANG_WARN_SUSPICIOUS_MOVE = YES;
				CLANG_WARN_UNGUARDED_AVAILABILITY = YES_AGGRESSIVE;
				CLANG_WARN_UNREACHABLE_CODE = YES;
				CLANG_WARN__DUPLICATE_METHOD_MATCH = YES;
				COPY_PHASE_STRIP = NO;
				DEBUG_INFORMATION_FORMAT = "dwarf-with-dsym";
				ENABLE_NS_ASSERTIONS = NO;
				ENABLE_STRICT_OBJC_MSGSEND = YES;
				ENABLE_USER_SCRIPT_SANDBOXING = YES;
				GCC_C_LANGUAGE_STANDARD = gnu17;
				GCC_NO_COMMON_BLOCKS = YES;
				GCC_WARN_64_TO_32_BIT_CONVERSION = YES;
				GCC_WARN_ABOUT_RETURN_TYPE = YES_ERROR;
				GCC_WARN_UNDECLARED_SELECTOR = YES;
				GCC_WARN_UNINITIALIZED_AUTOS = YES_AGGRESSIVE;
				GCC_WARN_UNUSED_FUNCTION = YES;
				GCC_WARN_UNUSED_VARIABLE = YES;
				IPHONEOS_DEPLOYMENT_TARGET = 17.2;
				LOCALIZATION_PREFERS_STRING_CATALOGS = YES;
				MTL_ENABLE_DEBUG_INFO = NO;
				MTL_FAST_MATH = YES;
				SDKROOT = iphoneos;
				SWIFT_COMPILATION_MODE = wholemodule;
				VALIDATE_PRODUCT = YES;
			};
			name = Release;
		};
		56703F742B6FCA0D00939C0C /* Debug */ = {
			isa = XCBuildConfiguration;
			buildSettings = {
				ASSETCATALOG_COMPILER_APPICON_NAME = AppIcon;
				ASSETCATALOG_COMPILER_GLOBAL_ACCENT_COLOR_NAME = AccentColor;
				"CODE_SIGN_IDENTITY[sdk=iphoneos*]" = "iPhone Developer";
				CODE_SIGN_STYLE = Manual;
				CURRENT_PROJECT_VERSION = 10002;
				DEVELOPMENT_ASSET_PATHS = "\"LiveSample/Preview Content\"";
				DEVELOPMENT_TEAM = "";
				"DEVELOPMENT_TEAM[sdk=iphoneos*]" = 9K3B3ZYB2V;
				ENABLE_PREVIEWS = YES;
				EXCLUDED_ARCHS = "";
				GENERATE_INFOPLIST_FILE = YES;
				INFOPLIST_FILE = LiveSample/Info.plist;
				INFOPLIST_KEY_CFBundleDisplayName = SPREET;
				INFOPLIST_KEY_LSApplicationCategoryType = "";
				INFOPLIST_KEY_NSCameraUsageDescription = "プロフィール写真撮影のためカメラを使用します。";
				INFOPLIST_KEY_NSLocationWhenInUseUsageDescription = "位置情報は、地図上での位置の表示に使用されます。";
				INFOPLIST_KEY_UIApplicationSceneManifest_Generation = YES;
				INFOPLIST_KEY_UIApplicationSupportsIndirectInputEvents = YES;
				INFOPLIST_KEY_UILaunchStoryboardName = "Launch Screen.storyboard";
				INFOPLIST_KEY_UISupportedInterfaceOrientations = UIInterfaceOrientationPortrait;
				IPHONEOS_DEPLOYMENT_TARGET = 16.0;
				LD_RUNPATH_SEARCH_PATHS = (
					"$(inherited)",
					"@executable_path/Frameworks",
				);
				MARKETING_VERSION = 1.0.0;
				PRODUCT_BUNDLE_IDENTIFIER = jp.inemuri.LiveSample;
				PRODUCT_NAME = "$(TARGET_NAME)";
				PROVISIONING_PROFILE_SPECIFIER = "";
				"PROVISIONING_PROFILE_SPECIFIER[sdk=iphoneos*]" = SPREET;
				SUPPORTED_PLATFORMS = "iphoneos iphonesimulator";
				SUPPORTS_MACCATALYST = NO;
				SUPPORTS_MAC_DESIGNED_FOR_IPHONE_IPAD = NO;
				SUPPORTS_XR_DESIGNED_FOR_IPHONE_IPAD = NO;
				SWIFT_EMIT_LOC_STRINGS = YES;
				SWIFT_VERSION = 5.0;
				TARGETED_DEVICE_FAMILY = 1;
			};
			name = Debug;
		};
		56703F752B6FCA0D00939C0C /* Release */ = {
			isa = XCBuildConfiguration;
			buildSettings = {
				ASSETCATALOG_COMPILER_APPICON_NAME = AppIcon;
				ASSETCATALOG_COMPILER_GLOBAL_ACCENT_COLOR_NAME = AccentColor;
				"CODE_SIGN_IDENTITY[sdk=iphoneos*]" = "iPhone Distribution";
				CODE_SIGN_STYLE = Manual;
				CURRENT_PROJECT_VERSION = 10002;
				DEVELOPMENT_ASSET_PATHS = "\"LiveSample/Preview Content\"";
				DEVELOPMENT_TEAM = "";
				"DEVELOPMENT_TEAM[sdk=iphoneos*]" = 9K3B3ZYB2V;
				ENABLE_PREVIEWS = YES;
				EXCLUDED_ARCHS = "";
				GENERATE_INFOPLIST_FILE = YES;
				INFOPLIST_FILE = LiveSample/Info.plist;
				INFOPLIST_KEY_CFBundleDisplayName = SPREET;
				INFOPLIST_KEY_LSApplicationCategoryType = "";
				INFOPLIST_KEY_NSCameraUsageDescription = "プロフィール写真撮影のためカメラを使用します。";
				INFOPLIST_KEY_NSLocationWhenInUseUsageDescription = "位置情報は、地図上での位置の表示に使用されます。";
				INFOPLIST_KEY_UIApplicationSceneManifest_Generation = YES;
				INFOPLIST_KEY_UIApplicationSupportsIndirectInputEvents = YES;
				INFOPLIST_KEY_UILaunchStoryboardName = "Launch Screen.storyboard";
				INFOPLIST_KEY_UISupportedInterfaceOrientations = UIInterfaceOrientationPortrait;
				IPHONEOS_DEPLOYMENT_TARGET = 16.0;
				LD_RUNPATH_SEARCH_PATHS = (
					"$(inherited)",
					"@executable_path/Frameworks",
				);
				MARKETING_VERSION = 1.0.0;
				PRODUCT_BUNDLE_IDENTIFIER = jp.inemuri.LiveSample;
				PRODUCT_NAME = "$(TARGET_NAME)";
				PROVISIONING_PROFILE_SPECIFIER = "";
				"PROVISIONING_PROFILE_SPECIFIER[sdk=iphoneos*]" = "SPREET AppStore";
				SUPPORTED_PLATFORMS = "iphoneos iphonesimulator";
				SUPPORTS_MACCATALYST = NO;
				SUPPORTS_MAC_DESIGNED_FOR_IPHONE_IPAD = NO;
				SUPPORTS_XR_DESIGNED_FOR_IPHONE_IPAD = NO;
				SWIFT_EMIT_LOC_STRINGS = YES;
				SWIFT_VERSION = 5.0;
				TARGETED_DEVICE_FAMILY = 1;
			};
			name = Release;
		};
		56703F772B6FCA0D00939C0C /* Debug */ = {
			isa = XCBuildConfiguration;
			buildSettings = {
				ALWAYS_EMBED_SWIFT_STANDARD_LIBRARIES = YES;
				BUNDLE_LOADER = "$(TEST_HOST)";
				CODE_SIGN_STYLE = Automatic;
				CURRENT_PROJECT_VERSION = 1;
				DEVELOPMENT_TEAM = 9K3B3ZYB2V;
				GENERATE_INFOPLIST_FILE = YES;
				IPHONEOS_DEPLOYMENT_TARGET = 16.1;
				MARKETING_VERSION = 1.0;
				PRODUCT_BUNDLE_IDENTIFIER = com.inemuri.LiveSampleTests;
				PRODUCT_NAME = "$(TARGET_NAME)";
				SWIFT_EMIT_LOC_STRINGS = NO;
				SWIFT_VERSION = 5.0;
				TARGETED_DEVICE_FAMILY = "1,2";
				TEST_HOST = "$(BUILT_PRODUCTS_DIR)/LiveSample.app/$(BUNDLE_EXECUTABLE_FOLDER_PATH)/LiveSample";
			};
			name = Debug;
		};
		56703F782B6FCA0D00939C0C /* Release */ = {
			isa = XCBuildConfiguration;
			buildSettings = {
				ALWAYS_EMBED_SWIFT_STANDARD_LIBRARIES = YES;
				BUNDLE_LOADER = "$(TEST_HOST)";
				CODE_SIGN_STYLE = Automatic;
				CURRENT_PROJECT_VERSION = 1;
				DEVELOPMENT_TEAM = 9K3B3ZYB2V;
				GENERATE_INFOPLIST_FILE = YES;
				IPHONEOS_DEPLOYMENT_TARGET = 16.1;
				MARKETING_VERSION = 1.0;
				PRODUCT_BUNDLE_IDENTIFIER = com.inemuri.LiveSampleTests;
				PRODUCT_NAME = "$(TARGET_NAME)";
				SWIFT_EMIT_LOC_STRINGS = NO;
				SWIFT_VERSION = 5.0;
				TARGETED_DEVICE_FAMILY = "1,2";
				TEST_HOST = "$(BUILT_PRODUCTS_DIR)/LiveSample.app/$(BUNDLE_EXECUTABLE_FOLDER_PATH)/LiveSample";
			};
			name = Release;
		};
		56703F7A2B6FCA0D00939C0C /* Debug */ = {
			isa = XCBuildConfiguration;
			buildSettings = {
				ALWAYS_EMBED_SWIFT_STANDARD_LIBRARIES = YES;
				CODE_SIGN_STYLE = Automatic;
				CURRENT_PROJECT_VERSION = 1;
				DEVELOPMENT_TEAM = 9K3B3ZYB2V;
				GENERATE_INFOPLIST_FILE = YES;
				IPHONEOS_DEPLOYMENT_TARGET = 16.1;
				MARKETING_VERSION = 1.0;
				PRODUCT_BUNDLE_IDENTIFIER = com.inemuri.LiveSampleUITests;
				PRODUCT_NAME = "$(TARGET_NAME)";
				SWIFT_EMIT_LOC_STRINGS = NO;
				SWIFT_VERSION = 5.0;
				TARGETED_DEVICE_FAMILY = "1,2";
				TEST_TARGET_NAME = LiveSample;
			};
			name = Debug;
		};
		56703F7B2B6FCA0D00939C0C /* Release */ = {
			isa = XCBuildConfiguration;
			buildSettings = {
				ALWAYS_EMBED_SWIFT_STANDARD_LIBRARIES = YES;
				CODE_SIGN_STYLE = Automatic;
				CURRENT_PROJECT_VERSION = 1;
				DEVELOPMENT_TEAM = 9K3B3ZYB2V;
				GENERATE_INFOPLIST_FILE = YES;
				IPHONEOS_DEPLOYMENT_TARGET = 16.1;
				MARKETING_VERSION = 1.0;
				PRODUCT_BUNDLE_IDENTIFIER = com.inemuri.LiveSampleUITests;
				PRODUCT_NAME = "$(TARGET_NAME)";
				SWIFT_EMIT_LOC_STRINGS = NO;
				SWIFT_VERSION = 5.0;
				TARGETED_DEVICE_FAMILY = "1,2";
				TEST_TARGET_NAME = LiveSample;
			};
			name = Release;
		};
/* End XCBuildConfiguration section */

/* Begin XCConfigurationList section */
		56703F4A2B6FCA0B00939C0C /* Build configuration list for PBXProject "LiveSample" */ = {
			isa = XCConfigurationList;
			buildConfigurations = (
				56703F712B6FCA0D00939C0C /* Debug */,
				56703F722B6FCA0D00939C0C /* Release */,
			);
			defaultConfigurationIsVisible = 0;
			defaultConfigurationName = Release;
		};
		56703F732B6FCA0D00939C0C /* Build configuration list for PBXNativeTarget "LiveSample" */ = {
			isa = XCConfigurationList;
			buildConfigurations = (
				56703F742B6FCA0D00939C0C /* Debug */,
				56703F752B6FCA0D00939C0C /* Release */,
			);
			defaultConfigurationIsVisible = 0;
			defaultConfigurationName = Release;
		};
		56703F762B6FCA0D00939C0C /* Build configuration list for PBXNativeTarget "LiveSampleTests" */ = {
			isa = XCConfigurationList;
			buildConfigurations = (
				56703F772B6FCA0D00939C0C /* Debug */,
				56703F782B6FCA0D00939C0C /* Release */,
			);
			defaultConfigurationIsVisible = 0;
			defaultConfigurationName = Release;
		};
		56703F792B6FCA0D00939C0C /* Build configuration list for PBXNativeTarget "LiveSampleUITests" */ = {
			isa = XCConfigurationList;
			buildConfigurations = (
				56703F7A2B6FCA0D00939C0C /* Debug */,
				56703F7B2B6FCA0D00939C0C /* Release */,
			);
			defaultConfigurationIsVisible = 0;
			defaultConfigurationName = Release;
		};
/* End XCConfigurationList section */

/* Begin XCRemoteSwiftPackageReference section */
		56A42E772C5F70D00047415C /* XCRemoteSwiftPackageReference "facebook-ios-sdk" */ = {
			isa = XCRemoteSwiftPackageReference;
			repositoryURL = "https://github.com/facebook/facebook-ios-sdk";
			requirement = {
				kind = upToNextMajorVersion;
				minimumVersion = 14.1.0;
			};
		};
/* End XCRemoteSwiftPackageReference section */

/* Begin XCSwiftPackageProductDependency section */
		562CE1092BE5DA0D00EDBD53 /* Location */ = {
			isa = XCSwiftPackageProductDependency;
			productName = Location;
		};
		562CE10B2BE6378C00EDBD53 /* Map */ = {
			isa = XCSwiftPackageProductDependency;
			productName = Map;
		};
		562CE10D2BE6379500EDBD53 /* MyPage */ = {
			isa = XCSwiftPackageProductDependency;
			productName = MyPage;
		};
		562CE10F2BE8974B00EDBD53 /* MapWithCross */ = {
			isa = XCSwiftPackageProductDependency;
			productName = MapWithCross;
		};
		562CE1112BE8974B00EDBD53 /* MapWithCrossStore */ = {
			isa = XCSwiftPackageProductDependency;
			productName = MapWithCrossStore;
		};
		562CE1132BEEFBB300EDBD53 /* PostEntity */ = {
			isa = XCSwiftPackageProductDependency;
			productName = PostEntity;
		};
		562CE1152BEF60CD00EDBD53 /* UserDefaults */ = {
			isa = XCSwiftPackageProductDependency;
			productName = UserDefaults;
		};
		56A42E782C5F70D00047415C /* FacebookCore */ = {
			isa = XCSwiftPackageProductDependency;
			package = 56A42E772C5F70D00047415C /* XCRemoteSwiftPackageReference "facebook-ios-sdk" */;
			productName = FacebookCore;
		};
		DF1355BA2C22679300629260 /* Assets */ = {
			isa = XCSwiftPackageProductDependency;
			productName = Assets;
		};
		DF191E962BD8AAC500D92018 /* MapStore */ = {
			isa = XCSwiftPackageProductDependency;
			productName = MapStore;
		};
		DF191E982BD8AAC500D92018 /* MyPageStore */ = {
			isa = XCSwiftPackageProductDependency;
			productName = MyPageStore;
		};
		DF191EA22BD8EA9100D92018 /* Post */ = {
			isa = XCSwiftPackageProductDependency;
			productName = Post;
		};
		DF191EA42BD8EA9100D92018 /* PostStore */ = {
			isa = XCSwiftPackageProductDependency;
			productName = PostStore;
		};
		DF38C9BB2C2E68590052F85C /* Share */ = {
			isa = XCSwiftPackageProductDependency;
			productName = Share;
		};
		DF38C9BD2C2E75D00052F85C /* EditProfile */ = {
			isa = XCSwiftPackageProductDependency;
			productName = EditProfile;
		};
		DF38C9BF2C2E75D00052F85C /* EditProfileStore */ = {
			isa = XCSwiftPackageProductDependency;
			productName = EditProfileStore;
		};
		DF7620C92BD7BE3E00C79F36 /* AccountIdName */ = {
			isa = XCSwiftPackageProductDependency;
			productName = AccountIdName;
		};
		DF7620CB2BD7BE3E00C79F36 /* AccountIdNameStore */ = {
			isa = XCSwiftPackageProductDependency;
			productName = AccountIdNameStore;
		};
		DF7620CD2BD7BE3E00C79F36 /* API */ = {
			isa = XCSwiftPackageProductDependency;
			productName = API;
		};
		DF7620D32BD7BE3E00C79F36 /* MailAddressPassword */ = {
			isa = XCSwiftPackageProductDependency;
			productName = MailAddressPassword;
		};
		DF7620D52BD7BE3E00C79F36 /* MailAddressPasswordStore */ = {
			isa = XCSwiftPackageProductDependency;
			productName = MailAddressPasswordStore;
		};
		DF7620D72BD7BE3E00C79F36 /* ProfileImage */ = {
			isa = XCSwiftPackageProductDependency;
			productName = ProfileImage;
		};
		DF7620D92BD7BE3E00C79F36 /* ProfileImageStore */ = {
			isa = XCSwiftPackageProductDependency;
			productName = ProfileImageStore;
		};
		DF7620DB2BD7BE3E00C79F36 /* Root */ = {
			isa = XCSwiftPackageProductDependency;
			productName = Root;
		};
		DF7620DD2BD7BE3E00C79F36 /* RootStore */ = {
			isa = XCSwiftPackageProductDependency;
			productName = RootStore;
		};
		DF7620DF2BD7BE3E00C79F36 /* Routing */ = {
			isa = XCSwiftPackageProductDependency;
			productName = Routing;
		};
		DF7620E12BD7BE3E00C79F36 /* SampleCounter */ = {
			isa = XCSwiftPackageProductDependency;
			productName = SampleCounter;
		};
		DF7620E32BD7BE3E00C79F36 /* SelectMode */ = {
			isa = XCSwiftPackageProductDependency;
			productName = SelectMode;
		};
		DF7620E52BD7BE3E00C79F36 /* SelectModeStore */ = {
			isa = XCSwiftPackageProductDependency;
			productName = SelectModeStore;
		};
		DF7620E92BD7BE3E00C79F36 /* ViewComponents */ = {
			isa = XCSwiftPackageProductDependency;
			productName = ViewComponents;
		};
		DF7620EB2BD7BE3E00C79F36 /* Welcome */ = {
			isa = XCSwiftPackageProductDependency;
			productName = Welcome;
		};
		DF7620ED2BD7BE3E00C79F36 /* WelcomeStore */ = {
			isa = XCSwiftPackageProductDependency;
			productName = WelcomeStore;
		};
		DF7620F22BD8898D00C79F36 /* Validator */ = {
			isa = XCSwiftPackageProductDependency;
			productName = Validator;
		};
		DF8D59DD2C242EE2005071BB /* DateUtils */ = {
			isa = XCSwiftPackageProductDependency;
			productName = DateUtils;
		};
		DF9303602C1B04E700F770AE /* PostDetail */ = {
			isa = XCSwiftPackageProductDependency;
			productName = PostDetail;
		};
		DF9303622C1B04E700F770AE /* PostDetailStore */ = {
			isa = XCSwiftPackageProductDependency;
			productName = PostDetailStore;
		};
		DF9303652C1BED4F00F770AE /* PostAnnotation */ = {
			isa = XCSwiftPackageProductDependency;
			productName = PostAnnotation;
		};
/* End XCSwiftPackageProductDependency section */
	};
	rootObject = 56703F472B6FCA0B00939C0C /* Project object */;
}
